// !$*UTF8*$!
{
	archiveVersion = 1;
	classes = {
	};
	objectVersion = 50;
	objects = {

/* Begin PBXBuildFile section */
		7E369621240D800B00CC5168 /* AppDelegate.swift in Sources */ = {isa = PBXBuildFile; fileRef = 7E369620240D800B00CC5168 /* AppDelegate.swift */; };
		7E369623240D800B00CC5168 /* SceneDelegate.swift in Sources */ = {isa = PBXBuildFile; fileRef = 7E369622240D800B00CC5168 /* SceneDelegate.swift */; };
		7E369625240D800B00CC5168 /* ViewController.swift in Sources */ = {isa = PBXBuildFile; fileRef = 7E369624240D800B00CC5168 /* ViewController.swift */; };
		7E369628240D800B00CC5168 /* Main.storyboard in Resources */ = {isa = PBXBuildFile; fileRef = 7E369626240D800B00CC5168 /* Main.storyboard */; };
		7E36962A240D800F00CC5168 /* Assets.xcassets in Resources */ = {isa = PBXBuildFile; fileRef = 7E369629240D800F00CC5168 /* Assets.xcassets */; };
		7E36962D240D800F00CC5168 /* LaunchScreen.storyboard in Resources */ = {isa = PBXBuildFile; fileRef = 7E36962B240D800F00CC5168 /* LaunchScreen.storyboard */; };
		7E7495DF241961AE00F3EA68 /* System.swift in Sources */ = {isa = PBXBuildFile; fileRef = 7E7495DE241961AE00F3EA68 /* System.swift */; };
		7E7495E424197F8700F3EA68 /* Aspira Bold.otf in Resources */ = {isa = PBXBuildFile; fileRef = 7E7495E124197F8600F3EA68 /* Aspira Bold.otf */; };
		7E7495E524197F8700F3EA68 /* Aspira Light.otf in Resources */ = {isa = PBXBuildFile; fileRef = 7E7495E224197F8600F3EA68 /* Aspira Light.otf */; };
		7E7495E624197F8700F3EA68 /* Aspira Medium.otf in Resources */ = {isa = PBXBuildFile; fileRef = 7E7495E324197F8600F3EA68 /* Aspira Medium.otf */; };
		7E7495E9241AAA1100F3EA68 /* SystemTableViewCell.swift in Sources */ = {isa = PBXBuildFile; fileRef = 7E7495E7241AAA1100F3EA68 /* SystemTableViewCell.swift */; };
		7E7495EA241AAA1200F3EA68 /* SystemTableViewCell.xib in Resources */ = {isa = PBXBuildFile; fileRef = 7E7495E8241AAA1100F3EA68 /* SystemTableViewCell.xib */; };
		7EC5A0E1240EE0290044865E /* ResultView.swift in Sources */ = {isa = PBXBuildFile; fileRef = 7EC5A0E0240EE0290044865E /* ResultView.swift */; };
/* End PBXBuildFile section */

/* Begin PBXFileReference section */
		7E36961D240D800B00CC5168 /* Cost Calculator.app */ = {isa = PBXFileReference; explicitFileType = wrapper.application; includeInIndex = 0; path = "Cost Calculator.app"; sourceTree = BUILT_PRODUCTS_DIR; };
		7E369620240D800B00CC5168 /* AppDelegate.swift */ = {isa = PBXFileReference; lastKnownFileType = sourcecode.swift; path = AppDelegate.swift; sourceTree = "<group>"; };
		7E369622240D800B00CC5168 /* SceneDelegate.swift */ = {isa = PBXFileReference; lastKnownFileType = sourcecode.swift; path = SceneDelegate.swift; sourceTree = "<group>"; };
		7E369624240D800B00CC5168 /* ViewController.swift */ = {isa = PBXFileReference; lastKnownFileType = sourcecode.swift; path = ViewController.swift; sourceTree = "<group>"; };
		7E369627240D800B00CC5168 /* Base */ = {isa = PBXFileReference; lastKnownFileType = file.storyboard; name = Base; path = Base.lproj/Main.storyboard; sourceTree = "<group>"; };
		7E369629240D800F00CC5168 /* Assets.xcassets */ = {isa = PBXFileReference; lastKnownFileType = folder.assetcatalog; path = Assets.xcassets; sourceTree = "<group>"; };
		7E36962C240D800F00CC5168 /* Base */ = {isa = PBXFileReference; lastKnownFileType = file.storyboard; name = Base; path = Base.lproj/LaunchScreen.storyboard; sourceTree = "<group>"; };
		7E36962E240D800F00CC5168 /* Info.plist */ = {isa = PBXFileReference; lastKnownFileType = text.plist.xml; path = Info.plist; sourceTree = "<group>"; };
		7E7495DE241961AE00F3EA68 /* System.swift */ = {isa = PBXFileReference; lastKnownFileType = sourcecode.swift; path = System.swift; sourceTree = "<group>"; };
		7E7495E124197F8600F3EA68 /* Aspira Bold.otf */ = {isa = PBXFileReference; lastKnownFileType = file; path = "Aspira Bold.otf"; sourceTree = "<group>"; };
		7E7495E224197F8600F3EA68 /* Aspira Light.otf */ = {isa = PBXFileReference; lastKnownFileType = file; path = "Aspira Light.otf"; sourceTree = "<group>"; };
		7E7495E324197F8600F3EA68 /* Aspira Medium.otf */ = {isa = PBXFileReference; lastKnownFileType = file; path = "Aspira Medium.otf"; sourceTree = "<group>"; };
		7E7495E7241AAA1100F3EA68 /* SystemTableViewCell.swift */ = {isa = PBXFileReference; lastKnownFileType = sourcecode.swift; path = SystemTableViewCell.swift; sourceTree = "<group>"; };
		7E7495E8241AAA1100F3EA68 /* SystemTableViewCell.xib */ = {isa = PBXFileReference; lastKnownFileType = file.xib; path = SystemTableViewCell.xib; sourceTree = "<group>"; };
		7EC5A0E0240EE0290044865E /* ResultView.swift */ = {isa = PBXFileReference; lastKnownFileType = sourcecode.swift; path = ResultView.swift; sourceTree = "<group>"; };
/* End PBXFileReference section */

/* Begin PBXFrameworksBuildPhase section */
		7E36961A240D800B00CC5168 /* Frameworks */ = {
			isa = PBXFrameworksBuildPhase;
			buildActionMask = 2147483647;
			files = (
			);
			runOnlyForDeploymentPostprocessing = 0;
		};
/* End PBXFrameworksBuildPhase section */

/* Begin PBXGroup section */
		7E369614240D800B00CC5168 = {
			isa = PBXGroup;
			children = (
				7E36961F240D800B00CC5168 /* Cost Calculator */,
				7E36961E240D800B00CC5168 /* Products */,
			);
			sourceTree = "<group>";
		};
		7E36961E240D800B00CC5168 /* Products */ = {
			isa = PBXGroup;
			children = (
				7E36961D240D800B00CC5168 /* Cost Calculator.app */,
			);
			name = Products;
			sourceTree = "<group>";
		};
		7E36961F240D800B00CC5168 /* Cost Calculator */ = {
			isa = PBXGroup;
			children = (
				7E7495E024197F0600F3EA68 /* Extra */,
				7EC5A0E0240EE0290044865E /* ResultView.swift */,
				7E7495E7241AAA1100F3EA68 /* SystemTableViewCell.swift */,
				7E7495E8241AAA1100F3EA68 /* SystemTableViewCell.xib */,
				7E369620240D800B00CC5168 /* AppDelegate.swift */,
				7E369622240D800B00CC5168 /* SceneDelegate.swift */,
				7E369624240D800B00CC5168 /* ViewController.swift */,
				7E7495DE241961AE00F3EA68 /* System.swift */,
				7E369626240D800B00CC5168 /* Main.storyboard */,
				7E36962B240D800F00CC5168 /* LaunchScreen.storyboard */,
				7E36962E240D800F00CC5168 /* Info.plist */,
			);
			path = "Cost Calculator";
			sourceTree = "<group>";
		};
		7E7495E024197F0600F3EA68 /* Extra */ = {
			isa = PBXGroup;
			children = (
				7E369629240D800F00CC5168 /* Assets.xcassets */,
				7E7495E124197F8600F3EA68 /* Aspira Bold.otf */,
				7E7495E224197F8600F3EA68 /* Aspira Light.otf */,
				7E7495E324197F8600F3EA68 /* Aspira Medium.otf */,
			);
			path = Extra;
			sourceTree = "<group>";
		};
/* End PBXGroup section */

/* Begin PBXNativeTarget section */
		7E36961C240D800B00CC5168 /* Cost Calculator */ = {
			isa = PBXNativeTarget;
			buildConfigurationList = 7E369631240D800F00CC5168 /* Build configuration list for PBXNativeTarget "Cost Calculator" */;
			buildPhases = (
				7E369619240D800B00CC5168 /* Sources */,
				7E36961A240D800B00CC5168 /* Frameworks */,
				7E36961B240D800B00CC5168 /* Resources */,
			);
			buildRules = (
			);
			dependencies = (
			);
			name = "Cost Calculator";
			productName = "Cost Calculator";
			productReference = 7E36961D240D800B00CC5168 /* Cost Calculator.app */;
			productType = "com.apple.product-type.application";
		};
/* End PBXNativeTarget section */

/* Begin PBXProject section */
		7E369615240D800B00CC5168 /* Project object */ = {
			isa = PBXProject;
			attributes = {
				LastSwiftUpdateCheck = 1130;
				LastUpgradeCheck = 1130;
				ORGANIZATIONNAME = "Samuel Brasileiro";
				TargetAttributes = {
					7E36961C240D800B00CC5168 = {
						CreatedOnToolsVersion = 11.3.1;
					};
				};
			};
			buildConfigurationList = 7E369618240D800B00CC5168 /* Build configuration list for PBXProject "Cost Calculator" */;
			compatibilityVersion = "Xcode 9.3";
			developmentRegion = en;
			hasScannedForEncodings = 0;
			knownRegions = (
				en,
				Base,
			);
			mainGroup = 7E369614240D800B00CC5168;
			productRefGroup = 7E36961E240D800B00CC5168 /* Products */;
			projectDirPath = "";
			projectRoot = "";
			targets = (
				7E36961C240D800B00CC5168 /* Cost Calculator */,
			);
		};
/* End PBXProject section */

/* Begin PBXResourcesBuildPhase section */
		7E36961B240D800B00CC5168 /* Resources */ = {
			isa = PBXResourcesBuildPhase;
			buildActionMask = 2147483647;
			files = (
				7E7495E524197F8700F3EA68 /* Aspira Light.otf in Resources */,
				7E7495E624197F8700F3EA68 /* Aspira Medium.otf in Resources */,
				7E36962D240D800F00CC5168 /* LaunchScreen.storyboard in Resources */,
				7E36962A240D800F00CC5168 /* Assets.xcassets in Resources */,
				7E7495EA241AAA1200F3EA68 /* SystemTableViewCell.xib in Resources */,
				7E369628240D800B00CC5168 /* Main.storyboard in Resources */,
				7E7495E424197F8700F3EA68 /* Aspira Bold.otf in Resources */,
			);
			runOnlyForDeploymentPostprocessing = 0;
		};
/* End PBXResourcesBuildPhase section */

/* Begin PBXSourcesBuildPhase section */
		7E369619240D800B00CC5168 /* Sources */ = {
			isa = PBXSourcesBuildPhase;
			buildActionMask = 2147483647;
			files = (
				7E7495E9241AAA1100F3EA68 /* SystemTableViewCell.swift in Sources */,
				7EC5A0E1240EE0290044865E /* ResultView.swift in Sources */,
				7E7495DF241961AE00F3EA68 /* System.swift in Sources */,
				7E369625240D800B00CC5168 /* ViewController.swift in Sources */,
				7E369621240D800B00CC5168 /* AppDelegate.swift in Sources */,
				7E369623240D800B00CC5168 /* SceneDelegate.swift in Sources */,
			);
			runOnlyForDeploymentPostprocessing = 0;
		};
/* End PBXSourcesBuildPhase section */

/* Begin PBXVariantGroup section */
		7E369626240D800B00CC5168 /* Main.storyboard */ = {
			isa = PBXVariantGroup;
			children = (
				7E369627240D800B00CC5168 /* Base */,
			);
			name = Main.storyboard;
			sourceTree = "<group>";
		};
		7E36962B240D800F00CC5168 /* LaunchScreen.storyboard */ = {
			isa = PBXVariantGroup;
			children = (
				7E36962C240D800F00CC5168 /* Base */,
			);
			name = LaunchScreen.storyboard;
			sourceTree = "<group>";
		};
/* End PBXVariantGroup section */

/* Begin XCBuildConfiguration section */
		7E36962F240D800F00CC5168 /* Debug */ = {
			isa = XCBuildConfiguration;
			buildSettings = {
				ALWAYS_SEARCH_USER_PATHS = NO;
				CLANG_ANALYZER_NONNULL = YES;
				CLANG_ANALYZER_NUMBER_OBJECT_CONVERSION = YES_AGGRESSIVE;
				CLANG_CXX_LANGUAGE_STANDARD = "gnu++14";
				CLANG_CXX_LIBRARY = "libc++";
				CLANG_ENABLE_MODULES = YES;
				CLANG_ENABLE_OBJC_ARC = YES;
				CLANG_ENABLE_OBJC_WEAK = YES;
				CLANG_WARN_BLOCK_CAPTURE_AUTORELEASING = YES;
				CLANG_WARN_BOOL_CONVERSION = YES;
				CLANG_WARN_COMMA = YES;
				CLANG_WARN_CONSTANT_CONVERSION = YES;
				CLANG_WARN_DEPRECATED_OBJC_IMPLEMENTATIONS = YES;
				CLANG_WARN_DIRECT_OBJC_ISA_USAGE = YES_ERROR;
				CLANG_WARN_DOCUMENTATION_COMMENTS = YES;
				CLANG_WARN_EMPTY_BODY = YES;
				CLANG_WARN_ENUM_CONVERSION = YES;
				CLANG_WARN_INFINITE_RECURSION = YES;
				CLANG_WARN_INT_CONVERSION = YES;
				CLANG_WARN_NON_LITERAL_NULL_CONVERSION = YES;
				CLANG_WARN_OBJC_IMPLICIT_RETAIN_SELF = YES;
				CLANG_WARN_OBJC_LITERAL_CONVERSION = YES;
				CLANG_WARN_OBJC_ROOT_CLASS = YES_ERROR;
				CLANG_WARN_RANGE_LOOP_ANALYSIS = YES;
				CLANG_WARN_STRICT_PROTOTYPES = YES;
				CLANG_WARN_SUSPICIOUS_MOVE = YES;
				CLANG_WARN_UNGUARDED_AVAILABILITY = YES_AGGRESSIVE;
				CLANG_WARN_UNREACHABLE_CODE = YES;
				CLANG_WARN__DUPLICATE_METHOD_MATCH = YES;
				COPY_PHASE_STRIP = NO;
				DEBUG_INFORMATION_FORMAT = dwarf;
				ENABLE_STRICT_OBJC_MSGSEND = YES;
				ENABLE_TESTABILITY = YES;
				GCC_C_LANGUAGE_STANDARD = gnu11;
				GCC_DYNAMIC_NO_PIC = NO;
				GCC_NO_COMMON_BLOCKS = YES;
				GCC_OPTIMIZATION_LEVEL = 0;
				GCC_PREPROCESSOR_DEFINITIONS = (
					"DEBUG=1",
					"$(inherited)",
				);
				GCC_WARN_64_TO_32_BIT_CONVERSION = YES;
				GCC_WARN_ABOUT_RETURN_TYPE = YES_ERROR;
				GCC_WARN_UNDECLARED_SELECTOR = YES;
				GCC_WARN_UNINITIALIZED_AUTOS = YES_AGGRESSIVE;
				GCC_WARN_UNUSED_FUNCTION = YES;
				GCC_WARN_UNUSED_VARIABLE = YES;
				IPHONEOS_DEPLOYMENT_TARGET = 13.2;
				MTL_ENABLE_DEBUG_INFO = INCLUDE_SOURCE;
				MTL_FAST_MATH = YES;
				ONLY_ACTIVE_ARCH = YES;
				SDKROOT = iphoneos;
				SWIFT_ACTIVE_COMPILATION_CONDITIONS = DEBUG;
				SWIFT_OPTIMIZATION_LEVEL = "-Onone";
			};
			name = Debug;
		};
		7E369630240D800F00CC5168 /* Release */ = {
			isa = XCBuildConfiguration;
			buildSettings = {
				ALWAYS_SEARCH_USER_PATHS = NO;
				CLANG_ANALYZER_NONNULL = YES;
				CLANG_ANALYZER_NUMBER_OBJECT_CONVERSION = YES_AGGRESSIVE;
				CLANG_CXX_LANGUAGE_STANDARD = "gnu++14";
				CLANG_CXX_LIBRARY = "libc++";
				CLANG_ENABLE_MODULES = YES;
				CLANG_ENABLE_OBJC_ARC = YES;
				CLANG_ENABLE_OBJC_WEAK = YES;
				CLANG_WARN_BLOCK_CAPTURE_AUTORELEASING = YES;
				CLANG_WARN_BOOL_CONVERSION = YES;
				CLANG_WARN_COMMA = YES;
				CLANG_WARN_CONSTANT_CONVERSION = YES;
				CLANG_WARN_DEPRECATED_OBJC_IMPLEMENTATIONS = YES;
				CLANG_WARN_DIRECT_OBJC_ISA_USAGE = YES_ERROR;
				CLANG_WARN_DOCUMENTATION_COMMENTS = YES;
				CLANG_WARN_EMPTY_BODY = YES;
				CLANG_WARN_ENUM_CONVERSION = YES;
				CLANG_WARN_INFINITE_RECURSION = YES;
				CLANG_WARN_INT_CONVERSION = YES;
				CLANG_WARN_NON_LITERAL_NULL_CONVERSION = YES;
				CLANG_WARN_OBJC_IMPLICIT_RETAIN_SELF = YES;
				CLANG_WARN_OBJC_LITERAL_CONVERSION = YES;
				CLANG_WARN_OBJC_ROOT_CLASS = YES_ERROR;
				CLANG_WARN_RANGE_LOOP_ANALYSIS = YES;
				CLANG_WARN_STRICT_PROTOTYPES = YES;
				CLANG_WARN_SUSPICIOUS_MOVE = YES;
				CLANG_WARN_UNGUARDED_AVAILABILITY = YES_AGGRESSIVE;
				CLANG_WARN_UNREACHABLE_CODE = YES;
				CLANG_WARN__DUPLICATE_METHOD_MATCH = YES;
				COPY_PHASE_STRIP = NO;
				DEBUG_INFORMATION_FORMAT = "dwarf-with-dsym";
				ENABLE_NS_ASSERTIONS = NO;
				ENABLE_STRICT_OBJC_MSGSEND = YES;
				GCC_C_LANGUAGE_STANDARD = gnu11;
				GCC_NO_COMMON_BLOCKS = YES;
				GCC_WARN_64_TO_32_BIT_CONVERSION = YES;
				GCC_WARN_ABOUT_RETURN_TYPE = YES_ERROR;
				GCC_WARN_UNDECLARED_SELECTOR = YES;
				GCC_WARN_UNINITIALIZED_AUTOS = YES_AGGRESSIVE;
				GCC_WARN_UNUSED_FUNCTION = YES;
				GCC_WARN_UNUSED_VARIABLE = YES;
				IPHONEOS_DEPLOYMENT_TARGET = 13.2;
				MTL_ENABLE_DEBUG_INFO = NO;
				MTL_FAST_MATH = YES;
				SDKROOT = iphoneos;
				SWIFT_COMPILATION_MODE = wholemodule;
				SWIFT_OPTIMIZATION_LEVEL = "-O";
				VALIDATE_PRODUCT = YES;
			};
			name = Release;
		};
		7E369632240D800F00CC5168 /* Debug */ = {
			isa = XCBuildConfiguration;
			buildSettings = {
				ASSETCATALOG_COMPILER_APPICON_NAME = AppIcon;
				CODE_SIGN_STYLE = Automatic;
				INFOPLIST_FILE = "Cost Calculator/Info.plist";
				LD_RUNPATH_SEARCH_PATHS = (
					"$(inherited)",
					"@executable_path/Frameworks",
				);
				PRODUCT_BUNDLE_IDENTIFIER = "sbsn.Cost-Calculator";
				PRODUCT_NAME = "$(TARGET_NAME)";
				SWIFT_VERSION = 5.0;
				TARGETED_DEVICE_FAMILY = "1,2";
			};
			name = Debug;
		};
		7E369633240D800F00CC5168 /* Release */ = {
			isa = XCBuildConfiguration;
			buildSettings = {
				ASSETCATALOG_COMPILER_APPICON_NAME = AppIcon;
				CODE_SIGN_STYLE = Automatic;
				INFOPLIST_FILE = "Cost Calculator/Info.plist";
				LD_RUNPATH_SEARCH_PATHS = (
					"$(inherited)",
					"@executable_path/Frameworks",
				);
				PRODUCT_BUNDLE_IDENTIFIER = "sbsn.Cost-Calculator";
				PRODUCT_NAME = "$(TARGET_NAME)";
				SWIFT_VERSION = 5.0;
				TARGETED_DEVICE_FAMILY = "1,2";
			};
			name = Release;
		};
/* End XCBuildConfiguration section */

/* Begin XCConfigurationList section */
		7E369618240D800B00CC5168 /* Build configuration list for PBXProject "Cost Calculator" */ = {
			isa = XCConfigurationList;
			buildConfigurations = (
				7E36962F240D800F00CC5168 /* Debug */,
				7E369630240D800F00CC5168 /* Release */,
			);
			defaultConfigurationIsVisible = 0;
			defaultConfigurationName = Release;
		};
		7E369631240D800F00CC5168 /* Build configuration list for PBXNativeTarget "Cost Calculator" */ = {
			isa = XCConfigurationList;
			buildConfigurations = (
				7E369632240D800F00CC5168 /* Debug */,
				7E369633240D800F00CC5168 /* Release */,
			);
			defaultConfigurationIsVisible = 0;
			defaultConfigurationName = Release;
		};
/* End XCConfigurationList section */
	};
	rootObject = 7E369615240D800B00CC5168 /* Project object */;
}
